github.com/go-playground/assert/v2 v2.0.1 h1:MsBgLAaY856+nPRTKrp3/OZK38U/wa0CcBYNjji3q3A=
github.com/go-playground/assert/v2 v2.0.1/go.mod h1:VDjEfimB/XKnb+ZQfWdccd7VUvScMdVu0Titje2rxJ4=
github.com/joho/godotenv v1.4.0 h1:3l4+N6zfMWnkbPEXKng2o2/MR5mSwTrBih4ZEkkz1lg=
github.com/joho/godotenv v1.4.0/go.mod h1:f4LDr5Voq0i2e/R5DDNOoa2zzDfwtkZa6DnEwAbqwq4=
github.com/luaxlou/fileutils v0.0.0-20221005124155-202f9e23993a h1:utraz/77HtmPzPbmp5kIb7vJJ3llutrD4uRFu0/1rdY=
github.com/luaxlou/fileutils v0.0.0-20221005124155-202f9e23993a/go.mod h1:vKmQKKnQeoOVBEQwVMfN4x0p5UAriMspNJ5CqcQm8xY=
